
Microsoft Visual Studio Solution File, Format Version 12.00
# Visual Studio Version 17
VisualStudioVersion = 17.13.35828.75
MinimumVisualStudioVersion = 10.0.40219.1
Project("{FAE04EC0-301F-11D3-BF4B-00C04F79EFBC}") = "FixedIncome.API", "FixedIncome.API\FixedIncome.API.csproj", "{6F1CF5B6-0463-F0B1-E096-EED0DF9C44E3}"
EndProject
Project("{FAE04EC0-301F-11D3-BF4B-00C04F79EFBC}") = "FixedIncome.Application", "FixedIncome.Application\FixedIncome.Application.csproj", "{EF9B40E0-8ED2-FEA5-8728-82DA0C09C3F4}"
EndProject
Project("{FAE04EC0-301F-11D3-BF4B-00C04F79EFBC}") = "FixedIncome.Domain", "FixedIncome.Domain\FixedIncome.Domain.csproj", "{ADDDAD54-C5A1-30C2-50AE-3142DFB63E20}"
EndProject
Project("{FAE04EC0-301F-11D3-BF4B-00C04F79EFBC}") = "FixedIncome.Infrastructure", "FixedIncome.Infrastructure\FixedIncome.Infrastructure.csproj", "{61AD8834-1944-7F8D-435E-F60046BC30EC}"
EndProject
Project("{FAE04EC0-301F-11D3-BF4B-00C04F79EFBC}") = "FixedIncome.Ioc", "FixedIncome.Ioc\FixedIncome.Ioc.csproj", "{9436459E-93C0-D885-5A52-C8CF04043A48}"
EndProject
Project("{FAE04EC0-301F-11D3-BF4B-00C04F79EFBC}") = "FixedIncome.TesteFuncional", "FixedIncome.TesteFuncional\FixedIncome.TesteFuncional.csproj", "{6FB59DD5-F3A5-8A17-66AF-B64187358A96}"
EndProject
Project("{FAE04EC0-301F-11D3-BF4B-00C04F79EFBC}") = "FixedIncome.TesteUnitario", "FixedIncome.TesteUnitario\FixedIncome.TesteUnitario.csproj", "{5D6DBF7D-872C-28AD-4196-52CAFBFA53CD}"
EndProject
Global
	GlobalSection(SolutionConfigurationPlatforms) = preSolution
		Debug|Any CPU = Debug|Any CPU
		Release|Any CPU = Release|Any CPU
	EndGlobalSection
	GlobalSection(ProjectConfigurationPlatforms) = postSolution
		{6F1CF5B6-0463-F0B1-E096-EED0DF9C44E3}.Debug|Any CPU.ActiveCfg = Debug|Any CPU
		{6F1CF5B6-0463-F0B1-E096-EED0DF9C44E3}.Debug|Any CPU.Build.0 = Debug|Any CPU
		{6F1CF5B6-0463-F0B1-E096-EED0DF9C44E3}.Release|Any CPU.ActiveCfg = Release|Any CPU
		{6F1CF5B6-0463-F0B1-E096-EED0DF9C44E3}.Release|Any CPU.Build.0 = Release|Any CPU
		{EF9B40E0-8ED2-FEA5-8728-82DA0C09C3F4}.Debug|Any CPU.ActiveCfg = Debug|Any CPU
		{EF9B40E0-8ED2-FEA5-8728-82DA0C09C3F4}.Debug|Any CPU.Build.0 = Debug|Any CPU
		{EF9B40E0-8ED2-FEA5-8728-82DA0C09C3F4}.Release|Any CPU.ActiveCfg = Release|Any CPU
		{EF9B40E0-8ED2-FEA5-8728-82DA0C09C3F4}.Release|Any CPU.Build.0 = Release|Any CPU
		{ADDDAD54-C5A1-30C2-50AE-3142DFB63E20}.Debug|Any CPU.ActiveCfg = Debug|Any CPU
		{ADDDAD54-C5A1-30C2-50AE-3142DFB63E20}.Debug|Any CPU.Build.0 = Debug|Any CPU
		{ADDDAD54-C5A1-30C2-50AE-3142DFB63E20}.Release|Any CPU.ActiveCfg = Release|Any CPU
		{ADDDAD54-C5A1-30C2-50AE-3142DFB63E20}.Release|Any CPU.Build.0 = Release|Any CPU
		{61AD8834-1944-7F8D-435E-F60046BC30EC}.Debug|Any CPU.ActiveCfg = Debug|Any CPU
		{61AD8834-1944-7F8D-435E-F60046BC30EC}.Debug|Any CPU.Build.0 = Debug|Any CPU
		{61AD8834-1944-7F8D-435E-F60046BC30EC}.Release|Any CPU.ActiveCfg = Release|Any CPU
		{61AD8834-1944-7F8D-435E-F60046BC30EC}.Release|Any CPU.Build.0 = Release|Any CPU
		{9436459E-93C0-D885-5A52-C8CF04043A48}.Debug|Any CPU.ActiveCfg = Debug|Any CPU
		{9436459E-93C0-D885-5A52-C8CF04043A48}.Debug|Any CPU.Build.0 = Debug|Any CPU
		{9436459E-93C0-D885-5A52-C8CF04043A48}.Release|Any CPU.ActiveCfg = Release|Any CPU
		{9436459E-93C0-D885-5A52-C8CF04043A48}.Release|Any CPU.Build.0 = Release|Any CPU
		{6FB59DD5-F3A5-8A17-66AF-B64187358A96}.Debug|Any CPU.ActiveCfg = Debug|Any CPU
		{6FB59DD5-F3A5-8A17-66AF-B64187358A96}.Debug|Any CPU.Build.0 = Debug|Any CPU
		{6FB59DD5-F3A5-8A17-66AF-B64187358A96}.Release|Any CPU.ActiveCfg = Release|Any CPU
		{6FB59DD5-F3A5-8A17-66AF-B64187358A96}.Release|Any CPU.Build.0 = Release|Any CPU
		{5D6DBF7D-872C-28AD-4196-52CAFBFA53CD}.Debug|Any CPU.ActiveCfg = Debug|Any CPU
		{5D6DBF7D-872C-28AD-4196-52CAFBFA53CD}.Debug|Any CPU.Build.0 = Debug|Any CPU
		{5D6DBF7D-872C-28AD-4196-52CAFBFA53CD}.Release|Any CPU.ActiveCfg = Release|Any CPU
		{5D6DBF7D-872C-28AD-4196-52CAFBFA53CD}.Release|Any CPU.Build.0 = Release|Any CPU
	EndGlobalSection
	GlobalSection(SolutionProperties) = preSolution
		HideSolutionNode = FALSE
	EndGlobalSection
	GlobalSection(ExtensibilityGlobals) = postSolution
		SolutionGuid = {4CAB10B3-1DB6-4476-A150-F495D8A0246D}
	EndGlobalSection
EndGlobal
